// !$*UTF8*$!
{
	archiveVersion = 1;
	classes = {
	};
	objectVersion = 60;
	objects = {

/* Begin PBXBuildFile section */
		6FBBCC752C439D5800A607A7 /* AppDelegate.swift in Sources */ = {isa = PBXBuildFile; fileRef = 6FBBCC742C439D5800A607A7 /* AppDelegate.swift */; };
		6FBBCC772C439D5800A607A7 /* SceneDelegate.swift in Sources */ = {isa = PBXBuildFile; fileRef = 6FBBCC762C439D5800A607A7 /* SceneDelegate.swift */; };
		6FBBCC792C439D5800A607A7 /* ViewController.swift in Sources */ = {isa = PBXBuildFile; fileRef = 6FBBCC782C439D5800A607A7 /* ViewController.swift */; };
		6FBBCC7C2C439D5800A607A7 /* Base in Resources */ = {isa = PBXBuildFile; fileRef = 6FBBCC7B2C439D5800A607A7 /* Base */; };
		6FBBCC7E2C439D5900A607A7 /* Assets.xcassets in Resources */ = {isa = PBXBuildFile; fileRef = 6FBBCC7D2C439D5900A607A7 /* Assets.xcassets */; };
		6FBBCC812C439D5900A607A7 /* Base in Resources */ = {isa = PBXBuildFile; fileRef = 6FBBCC802C439D5900A607A7 /* Base */; };
		6FBBCC8C2C439D5900A607A7 /* page_control_2Tests.swift in Sources */ = {isa = PBXBuildFile; fileRef = 6FBBCC8B2C439D5900A607A7 /* page_control_2Tests.swift */; };
		6FBBCC962C439D5900A607A7 /* page_control_2UITests.swift in Sources */ = {isa = PBXBuildFile; fileRef = 6FBBCC952C439D5900A607A7 /* page_control_2UITests.swift */; };
		6FBBCC982C439D5900A607A7 /* page_control_2UITestsLaunchTests.swift in Sources */ = {isa = PBXBuildFile; fileRef = 6FBBCC972C439D5900A607A7 /* page_control_2UITestsLaunchTests.swift */; };
/* End PBXBuildFile section */

/* Begin PBXContainerItemProxy section */
		6FBBCC882C439D5900A607A7 /* PBXContainerItemProxy */ = {
			isa = PBXContainerItemProxy;
			containerPortal = 6FBBCC692C439D5700A607A7 /* Project object */;
			proxyType = 1;
			remoteGlobalIDString = 6FBBCC702C439D5800A607A7;
			remoteInfo = "page control 2";
		};
		6FBBCC922C439D5900A607A7 /* PBXContainerItemProxy */ = {
			isa = PBXContainerItemProxy;
			containerPortal = 6FBBCC692C439D5700A607A7 /* Project object */;
			proxyType = 1;
			remoteGlobalIDString = 6FBBCC702C439D5800A607A7;
			remoteInfo = "page control 2";
		};
/* End PBXContainerItemProxy section */

/* Begin PBXFileReference section */
		6FBBCC712C439D5800A607A7 /* page control 2.app */ = {isa = PBXFileReference; explicitFileType = wrapper.application; includeInIndex = 0; path = "page control 2.app"; sourceTree = BUILT_PRODUCTS_DIR; };
		6FBBCC742C439D5800A607A7 /* AppDelegate.swift */ = {isa = PBXFileReference; lastKnownFileType = sourcecode.swift; path = AppDelegate.swift; sourceTree = "<group>"; };
		6FBBCC762C439D5800A607A7 /* SceneDelegate.swift */ = {isa = PBXFileReference; lastKnownFileType = sourcecode.swift; path = SceneDelegate.swift; sourceTree = "<group>"; };
		6FBBCC782C439D5800A607A7 /* ViewController.swift */ = {isa = PBXFileReference; lastKnownFileType = sourcecode.swift; path = ViewController.swift; sourceTree = "<group>"; };
		6FBBCC7B2C439D5800A607A7 /* Base */ = {isa = PBXFileReference; lastKnownFileType = file.storyboard; name = Base; path = Base.lproj/Main.storyboard; sourceTree = "<group>"; };
		6FBBCC7D2C439D5900A607A7 /* Assets.xcassets */ = {isa = PBXFileReference; lastKnownFileType = folder.assetcatalog; path = Assets.xcassets; sourceTree = "<group>"; };
		6FBBCC802C439D5900A607A7 /* Base */ = {isa = PBXFileReference; lastKnownFileType = file.storyboard; name = Base; path = Base.lproj/LaunchScreen.storyboard; sourceTree = "<group>"; };
		6FBBCC822C439D5900A607A7 /* Info.plist */ = {isa = PBXFileReference; lastKnownFileType = text.plist.xml; path = Info.plist; sourceTree = "<group>"; };
		6FBBCC872C439D5900A607A7 /* page control 2Tests.xctest */ = {isa = PBXFileReference; explicitFileType = wrapper.cfbundle; includeInIndex = 0; path = "page control 2Tests.xctest"; sourceTree = BUILT_PRODUCTS_DIR; };
		6FBBCC8B2C439D5900A607A7 /* page_control_2Tests.swift */ = {isa = PBXFileReference; lastKnownFileType = sourcecode.swift; path = page_control_2Tests.swift; sourceTree = "<group>"; };
		6FBBCC912C439D5900A607A7 /* page control 2UITests.xctest */ = {isa = PBXFileReference; explicitFileType = wrapper.cfbundle; includeInIndex = 0; path = "page control 2UITests.xctest"; sourceTree = BUILT_PRODUCTS_DIR; };
		6FBBCC952C439D5900A607A7 /* page_control_2UITests.swift */ = {isa = PBXFileReference; lastKnownFileType = sourcecode.swift; path = page_control_2UITests.swift; sourceTree = "<group>"; };
		6FBBCC972C439D5900A607A7 /* page_control_2UITestsLaunchTests.swift */ = {isa = PBXFileReference; lastKnownFileType = sourcecode.swift; path = page_control_2UITestsLaunchTests.swift; sourceTree = "<group>"; };
/* End PBXFileReference section */

/* Begin PBXFrameworksBuildPhase section */
		6FBBCC6E2C439D5800A607A7 /* Frameworks */ = {
			isa = PBXFrameworksBuildPhase;
			buildActionMask = 2147483647;
			files = (
			);
			runOnlyForDeploymentPostprocessing = 0;
		};
		6FBBCC842C439D5900A607A7 /* Frameworks */ = {
			isa = PBXFrameworksBuildPhase;
			buildActionMask = 2147483647;
			files = (
			);
			runOnlyForDeploymentPostprocessing = 0;
		};
		6FBBCC8E2C439D5900A607A7 /* Frameworks */ = {
			isa = PBXFrameworksBuildPhase;
			buildActionMask = 2147483647;
			files = (
			);
			runOnlyForDeploymentPostprocessing = 0;
		};
/* End PBXFrameworksBuildPhase section */

/* Begin PBXGroup section */
		6FBBCC682C439D5700A607A7 = {
			isa = PBXGroup;
			children = (
				6FBBCC732C439D5800A607A7 /* page control 2 */,
				6FBBCC8A2C439D5900A607A7 /* page control 2Tests */,
				6FBBCC942C439D5900A607A7 /* page control 2UITests */,
				6FBBCC722C439D5800A607A7 /* Products */,
			);
			sourceTree = "<group>";
		};
		6FBBCC722C439D5800A607A7 /* Products */ = {
			isa = PBXGroup;
			children = (
				6FBBCC712C439D5800A607A7 /* page control 2.app */,
				6FBBCC872C439D5900A607A7 /* page control 2Tests.xctest */,
				6FBBCC912C439D5900A607A7 /* page control 2UITests.xctest */,
			);
			name = Products;
			sourceTree = "<group>";
		};
		6FBBCC732C439D5800A607A7 /* page control 2 */ = {
			isa = PBXGroup;
			children = (
				6FBBCC742C439D5800A607A7 /* AppDelegate.swift */,
				6FBBCC762C439D5800A607A7 /* SceneDelegate.swift */,
				6FBBCC782C439D5800A607A7 /* ViewController.swift */,
				6FBBCC7A2C439D5800A607A7 /* Main.storyboard */,
				6FBBCC7D2C439D5900A607A7 /* Assets.xcassets */,
				6FBBCC7F2C439D5900A607A7 /* LaunchScreen.storyboard */,
				6FBBCC822C439D5900A607A7 /* Info.plist */,
			);
			path = "page control 2";
			sourceTree = "<group>";
		};
		6FBBCC8A2C439D5900A607A7 /* page control 2Tests */ = {
			isa = PBXGroup;
			children = (
				6FBBCC8B2C439D5900A607A7 /* page_control_2Tests.swift */,
			);
			path = "page control 2Tests";
			sourceTree = "<group>";
		};
		6FBBCC942C439D5900A607A7 /* page control 2UITests */ = {
			isa = PBXGroup;
			children = (
				6FBBCC952C439D5900A607A7 /* page_control_2UITests.swift */,
				6FBBCC972C439D5900A607A7 /* page_control_2UITestsLaunchTests.swift */,
			);
			path = "page control 2UITests";
			sourceTree = "<group>";
		};
/* End PBXGroup section */

/* Begin PBXNativeTarget section */
		6FBBCC702C439D5800A607A7 /* page control 2 */ = {
			isa = PBXNativeTarget;
			buildConfigurationList = 6FBBCC9B2C439D5900A607A7 /* Build configuration list for PBXNativeTarget "page control 2" */;
			buildPhases = (
				6FBBCC6D2C439D5800A607A7 /* Sources */,
				6FBBCC6E2C439D5800A607A7 /* Frameworks */,
				6FBBCC6F2C439D5800A607A7 /* Resources */,
			);
			buildRules = (
			);
			dependencies = (
			);
			name = "page control 2";
			productName = "page control 2";
			productReference = 6FBBCC712C439D5800A607A7 /* page control 2.app */;
			productType = "com.apple.product-type.application";
		};
		6FBBCC862C439D5900A607A7 /* page control 2Tests */ = {
			isa = PBXNativeTarget;
			buildConfigurationList = 6FBBCC9E2C439D5900A607A7 /* Build configuration list for PBXNativeTarget "page control 2Tests" */;
			buildPhases = (
				6FBBCC832C439D5900A607A7 /* Sources */,
				6FBBCC842C439D5900A607A7 /* Frameworks */,
				6FBBCC852C439D5900A607A7 /* Resources */,
			);
			buildRules = (
			);
			dependencies = (
				6FBBCC892C439D5900A607A7 /* PBXTargetDependency */,
			);
			name = "page control 2Tests";
			productName = "page control 2Tests";
			productReference = 6FBBCC872C439D5900A607A7 /* page control 2Tests.xctest */;
			productType = "com.apple.product-type.bundle.unit-test";
		};
		6FBBCC902C439D5900A607A7 /* page control 2UITests */ = {
			isa = PBXNativeTarget;
			buildConfigurationList = 6FBBCCA12C439D5900A607A7 /* Build configuration list for PBXNativeTarget "page control 2UITests" */;
			buildPhases = (
				6FBBCC8D2C439D5900A607A7 /* Sources */,
				6FBBCC8E2C439D5900A607A7 /* Frameworks */,
				6FBBCC8F2C439D5900A607A7 /* Resources */,
			);
			buildRules = (
			);
			dependencies = (
				6FBBCC932C439D5900A607A7 /* PBXTargetDependency */,
			);
			name = "page control 2UITests";
			productName = "page control 2UITests";
			productReference = 6FBBCC912C439D5900A607A7 /* page control 2UITests.xctest */;
			productType = "com.apple.product-type.bundle.ui-testing";
		};
/* End PBXNativeTarget section */

/* Begin PBXProject section */
		6FBBCC692C439D5700A607A7 /* Project object */ = {
			isa = PBXProject;
			attributes = {
				BuildIndependentTargetsInParallel = 1;
				LastSwiftUpdateCheck = 1600;
				LastUpgradeCheck = 1600;
				TargetAttributes = {
					6FBBCC702C439D5800A607A7 = {
						CreatedOnToolsVersion = 16.0;
					};
					6FBBCC862C439D5900A607A7 = {
						CreatedOnToolsVersion = 16.0;
						TestTargetID = 6FBBCC702C439D5800A607A7;
					};
					6FBBCC902C439D5900A607A7 = {
						CreatedOnToolsVersion = 16.0;
						TestTargetID = 6FBBCC702C439D5800A607A7;
					};
				};
			};
			buildConfigurationList = 6FBBCC6C2C439D5700A607A7 /* Build configuration list for PBXProject "page control 2" */;
			compatibilityVersion = "Xcode 15.0";
			developmentRegion = en;
			hasScannedForEncodings = 0;
			knownRegions = (
				en,
				Base,
			);
			mainGroup = 6FBBCC682C439D5700A607A7;
			productRefGroup = 6FBBCC722C439D5800A607A7 /* Products */;
			projectDirPath = "";
			projectRoot = "";
			targets = (
				6FBBCC702C439D5800A607A7 /* page control 2 */,
				6FBBCC862C439D5900A607A7 /* page control 2Tests */,
				6FBBCC902C439D5900A607A7 /* page control 2UITests */,
			);
		};
/* End PBXProject section */

/* Begin PBXResourcesBuildPhase section */
		6FBBCC6F2C439D5800A607A7 /* Resources */ = {
			isa = PBXResourcesBuildPhase;
			buildActionMask = 2147483647;
			files = (
				6FBBCC7E2C439D5900A607A7 /* Assets.xcassets in Resources */,
				6FBBCC812C439D5900A607A7 /* Base in Resources */,
				6FBBCC7C2C439D5800A607A7 /* Base in Resources */,
			);
			runOnlyForDeploymentPostprocessing = 0;
		};
		6FBBCC852C439D5900A607A7 /* Resources */ = {
			isa = PBXResourcesBuildPhase;
			buildActionMask = 2147483647;
			files = (
			);
			runOnlyForDeploymentPostprocessing = 0;
		};
		6FBBCC8F2C439D5900A607A7 /* Resources */ = {
			isa = PBXResourcesBuildPhase;
			buildActionMask = 2147483647;
			files = (
			);
			runOnlyForDeploymentPostprocessing = 0;
		};
/* End PBXResourcesBuildPhase section */

/* Begin PBXSourcesBuildPhase section */
		6FBBCC6D2C439D5800A607A7 /* Sources */ = {
			isa = PBXSourcesBuildPhase;
			buildActionMask = 2147483647;
			files = (
				6FBBCC792C439D5800A607A7 /* ViewController.swift in Sources */,
				6FBBCC752C439D5800A607A7 /* AppDelegate.swift in Sources */,
				6FBBCC772C439D5800A607A7 /* SceneDelegate.swift in Sources */,
			);
			runOnlyForDeploymentPostprocessing = 0;
		};
		6FBBCC832C439D5900A607A7 /* Sources */ = {
			isa = PBXSourcesBuildPhase;
			buildActionMask = 2147483647;
			files = (
				6FBBCC8C2C439D5900A607A7 /* page_control_2Tests.swift in Sources */,
			);
			runOnlyForDeploymentPostprocessing = 0;
		};
		6FBBCC8D2C439D5900A607A7 /* Sources */ = {
			isa = PBXSourcesBuildPhase;
			buildActionMask = 2147483647;
			files = (
				6FBBCC982C439D5900A607A7 /* page_control_2UITestsLaunchTests.swift in Sources */,
				6FBBCC962C439D5900A607A7 /* page_control_2UITests.swift in Sources */,
			);
			runOnlyForDeploymentPostprocessing = 0;
		};
/* End PBXSourcesBuildPhase section */

/* Begin PBXTargetDependency section */
		6FBBCC892C439D5900A607A7 /* PBXTargetDependency */ = {
			isa = PBXTargetDependency;
			target = 6FBBCC702C439D5800A607A7 /* page control 2 */;
			targetProxy = 6FBBCC882C439D5900A607A7 /* PBXContainerItemProxy */;
		};
		6FBBCC932C439D5900A607A7 /* PBXTargetDependency */ = {
			isa = PBXTargetDependency;
			target = 6FBBCC702C439D5800A607A7 /* page control 2 */;
			targetProxy = 6FBBCC922C439D5900A607A7 /* PBXContainerItemProxy */;
		};
/* End PBXTargetDependency section */

/* Begin PBXVariantGroup section */
		6FBBCC7A2C439D5800A607A7 /* Main.storyboard */ = {
			isa = PBXVariantGroup;
			children = (
				6FBBCC7B2C439D5800A607A7 /* Base */,
			);
			name = Main.storyboard;
			sourceTree = "<group>";
		};
		6FBBCC7F2C439D5900A607A7 /* LaunchScreen.storyboard */ = {
			isa = PBXVariantGroup;
			children = (
				6FBBCC802C439D5900A607A7 /* Base */,
			);
			name = LaunchScreen.storyboard;
			sourceTree = "<group>";
		};
/* End PBXVariantGroup section */

/* Begin XCBuildConfiguration section */
		6FBBCC992C439D5900A607A7 /* Debug */ = {
			isa = XCBuildConfiguration;
			buildSettings = {
				ALWAYS_SEARCH_USER_PATHS = NO;
				ASSETCATALOG_COMPILER_GENERATE_SWIFT_ASSET_SYMBOL_EXTENSIONS = YES;
				CLANG_ANALYZER_NONNULL = YES;
				CLANG_ANALYZER_NUMBER_OBJECT_CONVERSION = YES_AGGRESSIVE;
				CLANG_CXX_LANGUAGE_STANDARD = "gnu++20";
				CLANG_ENABLE_MODULES = YES;
				CLANG_ENABLE_OBJC_ARC = YES;
				CLANG_ENABLE_OBJC_WEAK = YES;
				CLANG_WARN_BLOCK_CAPTURE_AUTORELEASING = YES;
				CLANG_WARN_BOOL_CONVERSION = YES;
				CLANG_WARN_COMMA = YES;
				CLANG_WARN_CONSTANT_CONVERSION = YES;
				CLANG_WARN_DEPRECATED_OBJC_IMPLEMENTATIONS = YES;
				CLANG_WARN_DIRECT_OBJC_ISA_USAGE = YES_ERROR;
				CLANG_WARN_DOCUMENTATION_COMMENTS = YES;
				CLANG_WARN_EMPTY_BODY = YES;
				CLANG_WARN_ENUM_CONVERSION = YES;
				CLANG_WARN_INFINITE_RECURSION = YES;
				CLANG_WARN_INT_CONVERSION = YES;
				CLANG_WARN_NON_LITERAL_NULL_CONVERSION = YES;
				CLANG_WARN_OBJC_IMPLICIT_RETAIN_SELF = YES;
				CLANG_WARN_OBJC_LITERAL_CONVERSION = YES;
				CLANG_WARN_OBJC_ROOT_CLASS = YES_ERROR;
				CLANG_WARN_QUOTED_INCLUDE_IN_FRAMEWORK_HEADER = YES;
				CLANG_WARN_RANGE_LOOP_ANALYSIS = YES;
				CLANG_WARN_STRICT_PROTOTYPES = YES;
				CLANG_WARN_SUSPICIOUS_MOVE = YES;
				CLANG_WARN_UNGUARDED_AVAILABILITY = YES_AGGRESSIVE;
				CLANG_WARN_UNREACHABLE_CODE = YES;
				CLANG_WARN__DUPLICATE_METHOD_MATCH = YES;
				COPY_PHASE_STRIP = NO;
				DEBUG_INFORMATION_FORMAT = dwarf;
				ENABLE_STRICT_OBJC_MSGSEND = YES;
				ENABLE_TESTABILITY = YES;
				ENABLE_USER_SCRIPT_SANDBOXING = YES;
				GCC_C_LANGUAGE_STANDARD = gnu17;
				GCC_DYNAMIC_NO_PIC = NO;
				GCC_NO_COMMON_BLOCKS = YES;
				GCC_OPTIMIZATION_LEVEL = 0;
				GCC_PREPROCESSOR_DEFINITIONS = (
					"DEBUG=1",
					"$(inherited)",
				);
				GCC_WARN_64_TO_32_BIT_CONVERSION = YES;
				GCC_WARN_ABOUT_RETURN_TYPE = YES_ERROR;
				GCC_WARN_UNDECLARED_SELECTOR = YES;
				GCC_WARN_UNINITIALIZED_AUTOS = YES_AGGRESSIVE;
				GCC_WARN_UNUSED_FUNCTION = YES;
				GCC_WARN_UNUSED_VARIABLE = YES;
				IPHONEOS_DEPLOYMENT_TARGET = 18.0;
				LOCALIZATION_PREFERS_STRING_CATALOGS = YES;
				MTL_ENABLE_DEBUG_INFO = INCLUDE_SOURCE;
				MTL_FAST_MATH = YES;
				ONLY_ACTIVE_ARCH = YES;
				SDKROOT = iphoneos;
				SWIFT_ACTIVE_COMPILATION_CONDITIONS = "DEBUG $(inherited)";
				SWIFT_OPTIMIZATION_LEVEL = "-Onone";
			};
			name = Debug;
		};
		6FBBCC9A2C439D5900A607A7 /* Release */ = {
			isa = XCBuildConfiguration;
			buildSettings = {
				ALWAYS_SEARCH_USER_PATHS = NO;
				ASSETCATALOG_COMPILER_GENERATE_SWIFT_ASSET_SYMBOL_EXTENSIONS = YES;
				CLANG_ANALYZER_NONNULL = YES;
				CLANG_ANALYZER_NUMBER_OBJECT_CONVERSION = YES_AGGRESSIVE;
				CLANG_CXX_LANGUAGE_STANDARD = "gnu++20";
				CLANG_ENABLE_MODULES = YES;
				CLANG_ENABLE_OBJC_ARC = YES;
				CLANG_ENABLE_OBJC_WEAK = YES;
				CLANG_WARN_BLOCK_CAPTURE_AUTORELEASING = YES;
				CLANG_WARN_BOOL_CONVERSION = YES;
				CLANG_WARN_COMMA = YES;
				CLANG_WARN_CONSTANT_CONVERSION = YES;
				CLANG_WARN_DEPRECATED_OBJC_IMPLEMENTATIONS = YES;
				CLANG_WARN_DIRECT_OBJC_ISA_USAGE = YES_ERROR;
				CLANG_WARN_DOCUMENTATION_COMMENTS = YES;
				CLANG_WARN_EMPTY_BODY = YES;
				CLANG_WARN_ENUM_CONVERSION = YES;
				CLANG_WARN_INFINITE_RECURSION = YES;
				CLANG_WARN_INT_CONVERSION = YES;
				CLANG_WARN_NON_LITERAL_NULL_CONVERSION = YES;
				CLANG_WARN_OBJC_IMPLICIT_RETAIN_SELF = YES;
				CLANG_WARN_OBJC_LITERAL_CONVERSION = YES;
				CLANG_WARN_OBJC_ROOT_CLASS = YES_ERROR;
				CLANG_WARN_QUOTED_INCLUDE_IN_FRAMEWORK_HEADER = YES;
				CLANG_WARN_RANGE_LOOP_ANALYSIS = YES;
				CLANG_WARN_STRICT_PROTOTYPES = YES;
				CLANG_WARN_SUSPICIOUS_MOVE = YES;
				CLANG_WARN_UNGUARDED_AVAILABILITY = YES_AGGRESSIVE;
				CLANG_WARN_UNREACHABLE_CODE = YES;
				CLANG_WARN__DUPLICATE_METHOD_MATCH = YES;
				COPY_PHASE_STRIP = NO;
				DEBUG_INFORMATION_FORMAT = "dwarf-with-dsym";
				ENABLE_NS_ASSERTIONS = NO;
				ENABLE_STRICT_OBJC_MSGSEND = YES;
				ENABLE_USER_SCRIPT_SANDBOXING = YES;
				GCC_C_LANGUAGE_STANDARD = gnu17;
				GCC_NO_COMMON_BLOCKS = YES;
				GCC_WARN_64_TO_32_BIT_CONVERSION = YES;
				GCC_WARN_ABOUT_RETURN_TYPE = YES_ERROR;
				GCC_WARN_UNDECLARED_SELECTOR = YES;
				GCC_WARN_UNINITIALIZED_AUTOS = YES_AGGRESSIVE;
				GCC_WARN_UNUSED_FUNCTION = YES;
				GCC_WARN_UNUSED_VARIABLE = YES;
				IPHONEOS_DEPLOYMENT_TARGET = 18.0;
				LOCALIZATION_PREFERS_STRING_CATALOGS = YES;
				MTL_ENABLE_DEBUG_INFO = NO;
				MTL_FAST_MATH = YES;
				SDKROOT = iphoneos;
				SWIFT_COMPILATION_MODE = wholemodule;
				VALIDATE_PRODUCT = YES;
			};
			name = Release;
		};
		6FBBCC9C2C439D5900A607A7 /* Debug */ = {
			isa = XCBuildConfiguration;
			buildSettings = {
				ASSETCATALOG_COMPILER_APPICON_NAME = AppIcon;
				ASSETCATALOG_COMPILER_GLOBAL_ACCENT_COLOR_NAME = AccentColor;
				CODE_SIGN_STYLE = Automatic;
				CURRENT_PROJECT_VERSION = 1;
				DEVELOPMENT_TEAM = A3UF4B4CBW;
				GENERATE_INFOPLIST_FILE = YES;
				INFOPLIST_FILE = "page control 2/Info.plist";
				INFOPLIST_KEY_UIApplicationSupportsIndirectInputEvents = YES;
				INFOPLIST_KEY_UILaunchStoryboardName = LaunchScreen;
				INFOPLIST_KEY_UIMainStoryboardFile = Main;
				INFOPLIST_KEY_UISupportedInterfaceOrientations_iPad = "UIInterfaceOrientationPortrait UIInterfaceOrientationPortraitUpsideDown UIInterfaceOrientationLandscapeLeft UIInterfaceOrientationLandscapeRight";
				INFOPLIST_KEY_UISupportedInterfaceOrientations_iPhone = "UIInterfaceOrientationPortrait UIInterfaceOrientationLandscapeLeft UIInterfaceOrientationLandscapeRight";
				LD_RUNPATH_SEARCH_PATHS = (
					"$(inherited)",
					"@executable_path/Frameworks",
				);
				MARKETING_VERSION = 1.0;
				PRODUCT_BUNDLE_IDENTIFIER = "Centertek.page-control-2";
				PRODUCT_NAME = "$(TARGET_NAME)";
				SWIFT_EMIT_LOC_STRINGS = YES;
				SWIFT_VERSION = 5.0;
				TARGETED_DEVICE_FAMILY = "1,2";
			};
			name = Debug;
		};
		6FBBCC9D2C439D5900A607A7 /* Release */ = {
			isa = XCBuildConfiguration;
			buildSettings = {
				ASSETCATALOG_COMPILER_APPICON_NAME = AppIcon;
				ASSETCATALOG_COMPILER_GLOBAL_ACCENT_COLOR_NAME = AccentColor;
				CODE_SIGN_STYLE = Automatic;
				CURRENT_PROJECT_VERSION = 1;
				DEVELOPMENT_TEAM = A3UF4B4CBW;
				GENERATE_INFOPLIST_FILE = YES;
				INFOPLIST_FILE = "page control 2/Info.plist";
				INFOPLIST_KEY_UIApplicationSupportsIndirectInputEvents = YES;
				INFOPLIST_KEY_UILaunchStoryboardName = LaunchScreen;
				INFOPLIST_KEY_UIMainStoryboardFile = Main;
				INFOPLIST_KEY_UISupportedInterfaceOrientations_iPad = "UIInterfaceOrientationPortrait UIInterfaceOrientationPortraitUpsideDown UIInterfaceOrientationLandscapeLeft UIInterfaceOrientationLandscapeRight";
				INFOPLIST_KEY_UISupportedInterfaceOrientations_iPhone = "UIInterfaceOrientationPortrait UIInterfaceOrientationLandscapeLeft UIInterfaceOrientationLandscapeRight";
				LD_RUNPATH_SEARCH_PATHS = (
					"$(inherited)",
					"@executable_path/Frameworks",
				);
				MARKETING_VERSION = 1.0;
				PRODUCT_BUNDLE_IDENTIFIER = "Centertek.page-control-2";
				PRODUCT_NAME = "$(TARGET_NAME)";
				SWIFT_EMIT_LOC_STRINGS = YES;
				SWIFT_VERSION = 5.0;
				TARGETED_DEVICE_FAMILY = "1,2";
			};
			name = Release;
		};
		6FBBCC9F2C439D5900A607A7 /* Debug */ = {
			isa = XCBuildConfiguration;
			buildSettings = {
				BUNDLE_LOADER = "$(TEST_HOST)";
				CODE_SIGN_STYLE = Automatic;
				CURRENT_PROJECT_VERSION = 1;
				DEVELOPMENT_TEAM = A3UF4B4CBW;
				GENERATE_INFOPLIST_FILE = YES;
				IPHONEOS_DEPLOYMENT_TARGET = 18.0;
				MARKETING_VERSION = 1.0;
				PRODUCT_BUNDLE_IDENTIFIER = "Centertek.page-control-2Tests";
				PRODUCT_NAME = "$(TARGET_NAME)";
				SWIFT_EMIT_LOC_STRINGS = NO;
				SWIFT_VERSION = 5.0;
				TARGETED_DEVICE_FAMILY = "1,2";
				TEST_HOST = "$(BUILT_PRODUCTS_DIR)/page control 2.app/$(BUNDLE_EXECUTABLE_FOLDER_PATH)/page control 2";
			};
			name = Debug;
		};
		6FBBCCA02C439D5900A607A7 /* Release */ = {
			isa = XCBuildConfiguration;
			buildSettings = {
				BUNDLE_LOADER = "$(TEST_HOST)";
				CODE_SIGN_STYLE = Automatic;
				CURRENT_PROJECT_VERSION = 1;
				DEVELOPMENT_TEAM = A3UF4B4CBW;
				GENERATE_INFOPLIST_FILE = YES;
				IPHONEOS_DEPLOYMENT_TARGET = 18.0;
				MARKETING_VERSION = 1.0;
				PRODUCT_BUNDLE_IDENTIFIER = "Centertek.page-control-2Tests";
				PRODUCT_NAME = "$(TARGET_NAME)";
				SWIFT_EMIT_LOC_STRINGS = NO;
				SWIFT_VERSION = 5.0;
				TARGETED_DEVICE_FAMILY = "1,2";
				TEST_HOST = "$(BUILT_PRODUCTS_DIR)/page control 2.app/$(BUNDLE_EXECUTABLE_FOLDER_PATH)/page control 2";
			};
			name = Release;
		};
		6FBBCCA22C439D5900A607A7 /* Debug */ = {
			isa = XCBuildConfiguration;
			buildSettings = {
				CODE_SIGN_STYLE = Automatic;
				CURRENT_PROJECT_VERSION = 1;
				DEVELOPMENT_TEAM = A3UF4B4CBW;
				GENERATE_INFOPLIST_FILE = YES;
				MARKETING_VERSION = 1.0;
				PRODUCT_BUNDLE_IDENTIFIER = "Centertek.page-control-2UITests";
				PRODUCT_NAME = "$(TARGET_NAME)";
				SWIFT_EMIT_LOC_STRINGS = NO;
				SWIFT_VERSION = 5.0;
				TARGETED_DEVICE_FAMILY = "1,2";
				TEST_TARGET_NAME = "page control 2";
			};
			name = Debug;
		};
		6FBBCCA32C439D5900A607A7 /* Release */ = {
			isa = XCBuildConfiguration;
			buildSettings = {
				CODE_SIGN_STYLE = Automatic;
				CURRENT_PROJECT_VERSION = 1;
				DEVELOPMENT_TEAM = A3UF4B4CBW;
				GENERATE_INFOPLIST_FILE = YES;
				MARKETING_VERSION = 1.0;
				PRODUCT_BUNDLE_IDENTIFIER = "Centertek.page-control-2UITests";
				PRODUCT_NAME = "$(TARGET_NAME)";
				SWIFT_EMIT_LOC_STRINGS = NO;
				SWIFT_VERSION = 5.0;
				TARGETED_DEVICE_FAMILY = "1,2";
				TEST_TARGET_NAME = "page control 2";
			};
			name = Release;
		};
/* End XCBuildConfiguration section */

/* Begin XCConfigurationList section */
		6FBBCC6C2C439D5700A607A7 /* Build configuration list for PBXProject "page control 2" */ = {
			isa = XCConfigurationList;
			buildConfigurations = (
				6FBBCC992C439D5900A607A7 /* Debug */,
				6FBBCC9A2C439D5900A607A7 /* Release */,
			);
			defaultConfigurationIsVisible = 0;
			defaultConfigurationName = Release;
		};
		6FBBCC9B2C439D5900A607A7 /* Build configuration list for PBXNativeTarget "page control 2" */ = {
			isa = XCConfigurationList;
			buildConfigurations = (
				6FBBCC9C2C439D5900A607A7 /* Debug */,
				6FBBCC9D2C439D5900A607A7 /* Release */,
			);
			defaultConfigurationIsVisible = 0;
			defaultConfigurationName = Release;
		};
		6FBBCC9E2C439D5900A607A7 /* Build configuration list for PBXNativeTarget "page control 2Tests" */ = {
			isa = XCConfigurationList;
			buildConfigurations = (
				6FBBCC9F2C439D5900A607A7 /* Debug */,
				6FBBCCA02C439D5900A607A7 /* Release */,
			);
			defaultConfigurationIsVisible = 0;
			defaultConfigurationName = Release;
		};
		6FBBCCA12C439D5900A607A7 /* Build configuration list for PBXNativeTarget "page control 2UITests" */ = {
			isa = XCConfigurationList;
			buildConfigurations = (
				6FBBCCA22C439D5900A607A7 /* Debug */,
				6FBBCCA32C439D5900A607A7 /* Release */,
			);
			defaultConfigurationIsVisible = 0;
			defaultConfigurationName = Release;
		};
/* End XCConfigurationList section */
	};
	rootObject = 6FBBCC692C439D5700A607A7 /* Project object */;
}
